
Microsoft Visual Studio Solution File, Format Version 12.00
# Visual Studio Version 16
VisualStudioVersion = 16.0.30001.183
MinimumVisualStudioVersion = 10.0.40219.1
Project("{FAE04EC0-301F-11D3-BF4B-00C04F79EFBC}") = "EventQuetes", "EventQuetes.csproj", "{91A23E50-0E13-48EE-9AA1-5D2D27A6BA5B}"
EndProject
Global
	GlobalSection(SolutionConfigurationPlatforms) = preSolution
		Debug|Any CPU = Debug|Any CPU
		Release|Any CPU = Release|Any CPU
	EndGlobalSection
	GlobalSection(ProjectConfigurationPlatforms) = postSolution
		{91A23E50-0E13-48EE-9AA1-5D2D27A6BA5B}.Debug|Any CPU.ActiveCfg = Debug|Any CPU
		{91A23E50-0E13-48EE-9AA1-5D2D27A6BA5B}.Debug|Any CPU.Build.0 = Debug|Any CPU
		{91A23E50-0E13-48EE-9AA1-5D2D27A6BA5B}.Release|Any CPU.ActiveCfg = Release|Any CPU
		{91A23E50-0E13-48EE-9AA1-5D2D27A6BA5B}.Release|Any CPU.Build.0 = Release|Any CPU
	EndGlobalSection
	GlobalSection(SolutionProperties) = preSolution
		HideSolutionNode = FALSE
	EndGlobalSection
	GlobalSection(ExtensibilityGlobals) = postSolution
		SolutionGuid = {E45857E1-AE8D-498E-9D18-169255199F01}
	EndGlobalSection
EndGlobal
